
Microsoft Visual Studio Solution File, Format Version 12.00
# Visual Studio Version 17
VisualStudioVersion = 17.3.32901.215
MinimumVisualStudioVersion = 10.0.40219.1
Project("{FAE04EC0-301F-11D3-BF4B-00C04F79EFBC}") = "RachaelsRecipes", "src\RachaelsRecipes.csproj", "{F4928AE1-5B38-4F45-8CC2-23281D5955F8}"
EndProject
Global
	GlobalSection(SolutionConfigurationPlatforms) = preSolution
		Debug|Any CPU = Debug|Any CPU
		Release|Any CPU = Release|Any CPU
	EndGlobalSection
	GlobalSection(ProjectConfigurationPlatforms) = postSolution
		{F4928AE1-5B38-4F45-8CC2-23281D5955F8}.Debug|Any CPU.ActiveCfg = Debug|Any CPU
		{F4928AE1-5B38-4F45-8CC2-23281D5955F8}.Debug|Any CPU.Build.0 = Debug|Any CPU
		{F4928AE1-5B38-4F45-8CC2-23281D5955F8}.Release|Any CPU.ActiveCfg = Release|Any CPU
		{F4928AE1-5B38-4F45-8CC2-23281D5955F8}.Release|Any CPU.Build.0 = Release|Any CPU
	EndGlobalSection
	GlobalSection(SolutionProperties) = preSolution
		HideSolutionNode = FALSE
	EndGlobalSection
	GlobalSection(ExtensibilityGlobals) = postSolution
		SolutionGuid = {BE802B1D-9B89-48CD-9E4E-AF493C30EFDF}
	EndGlobalSection
EndGlobal
